
Microsoft Visual Studio Solution File, Format Version 12.00
# Visual Studio 15
VisualStudioVersion = 15.0.27130.2027
MinimumVisualStudioVersion = 10.0.40219.1
Project("{FAE04EC0-301F-11D3-BF4B-00C04F79EFBC}") = "WifiSettings.Android", "WifiSettings\WifiSettings.Android\WifiSettings.Android.csproj", "{9D26BA9C-E466-49F5-8CCB-1C8EB33A123A}"
EndProject
Project("{FAE04EC0-301F-11D3-BF4B-00C04F79EFBC}") = "WifiSettings.iOS", "WifiSettings\WifiSettings.iOS\WifiSettings.iOS.csproj", "{EBAA4EC7-ED40-46BB-9437-1AA90F9141C6}"
EndProject
Project("{FAE04EC0-301F-11D3-BF4B-00C04F79EFBC}") = "WifiSettings.UWP", "WifiSettings\WifiSettings.UWP\WifiSettings.UWP.csproj", "{A37C46D7-3667-4DFD-9088-71A3BA28C992}"
EndProject
Project("{FAE04EC0-301F-11D3-BF4B-00C04F79EFBC}") = "WifiSettings", "WifiSettings\WifiSettings\WifiSettings.csproj", "{95639BF4-4235-45A5-8A5E-0D79B7152C14}"
EndProject
Global
	GlobalSection(SolutionConfigurationPlatforms) = preSolution
		Ad-Hoc|Any CPU = Ad-Hoc|Any CPU
		Ad-Hoc|ARM = Ad-Hoc|ARM
		Ad-Hoc|iPhone = Ad-Hoc|iPhone
		Ad-Hoc|iPhoneSimulator = Ad-Hoc|iPhoneSimulator
		Ad-Hoc|x64 = Ad-Hoc|x64
		Ad-Hoc|x86 = Ad-Hoc|x86
		AppStore|Any CPU = AppStore|Any CPU
		AppStore|ARM = AppStore|ARM
		AppStore|iPhone = AppStore|iPhone
		AppStore|iPhoneSimulator = AppStore|iPhoneSimulator
		AppStore|x64 = AppStore|x64
		AppStore|x86 = AppStore|x86
		Debug|Any CPU = Debug|Any CPU
		Debug|ARM = Debug|ARM
		Debug|iPhone = Debug|iPhone
		Debug|iPhoneSimulator = Debug|iPhoneSimulator
		Debug|x64 = Debug|x64
		Debug|x86 = Debug|x86
		Release|Any CPU = Release|Any CPU
		Release|ARM = Release|ARM
		Release|iPhone = Release|iPhone
		Release|iPhoneSimulator = Release|iPhoneSimulator
		Release|x64 = Release|x64
		Release|x86 = Release|x86
	EndGlobalSection
	GlobalSection(ProjectConfigurationPlatforms) = postSolution
		{9D26BA9C-E466-49F5-8CCB-1C8EB33A123A}.Ad-Hoc|Any CPU.ActiveCfg = Release|Any CPU
		{9D26BA9C-E466-49F5-8CCB-1C8EB33A123A}.Ad-Hoc|Any CPU.Build.0 = Release|Any CPU
		{9D26BA9C-E466-49F5-8CCB-1C8EB33A123A}.Ad-Hoc|Any CPU.Deploy.0 = Release|Any CPU
		{9D26BA9C-E466-49F5-8CCB-1C8EB33A123A}.Ad-Hoc|ARM.ActiveCfg = Release|Any CPU
		{9D26BA9C-E466-49F5-8CCB-1C8EB33A123A}.Ad-Hoc|ARM.Build.0 = Release|Any CPU
		{9D26BA9C-E466-49F5-8CCB-1C8EB33A123A}.Ad-Hoc|ARM.Deploy.0 = Release|Any CPU
		{9D26BA9C-E466-49F5-8CCB-1C8EB33A123A}.Ad-Hoc|iPhone.ActiveCfg = Release|Any CPU
		{9D26BA9C-E466-49F5-8CCB-1C8EB33A123A}.Ad-Hoc|iPhone.Build.0 = Release|Any CPU
		{9D26BA9C-E466-49F5-8CCB-1C8EB33A123A}.Ad-Hoc|iPhone.Deploy.0 = Release|Any CPU
		{9D26BA9C-E466-49F5-8CCB-1C8EB33A123A}.Ad-Hoc|iPhoneSimulator.ActiveCfg = Release|Any CPU
		{9D26BA9C-E466-49F5-8CCB-1C8EB33A123A}.Ad-Hoc|iPhoneSimulator.Build.0 = Release|Any CPU
		{9D26BA9C-E466-49F5-8CCB-1C8EB33A123A}.Ad-Hoc|iPhoneSimulator.Deploy.0 = Release|Any CPU
		{9D26BA9C-E466-49F5-8CCB-1C8EB33A123A}.Ad-Hoc|x64.ActiveCfg = Release|Any CPU
		{9D26BA9C-E466-49F5-8CCB-1C8EB33A123A}.Ad-Hoc|x64.Build.0 = Release|Any CPU
		{9D26BA9C-E466-49F5-8CCB-1C8EB33A123A}.Ad-Hoc|x64.Deploy.0 = Release|Any CPU
		{9D26BA9C-E466-49F5-8CCB-1C8EB33A123A}.Ad-Hoc|x86.ActiveCfg = Release|Any CPU
		{9D26BA9C-E466-49F5-8CCB-1C8EB33A123A}.Ad-Hoc|x86.Build.0 = Release|Any CPU
		{9D26BA9C-E466-49F5-8CCB-1C8EB33A123A}.Ad-Hoc|x86.Deploy.0 = Release|Any CPU
		{9D26BA9C-E466-49F5-8CCB-1C8EB33A123A}.AppStore|Any CPU.ActiveCfg = Release|Any CPU
		{9D26BA9C-E466-49F5-8CCB-1C8EB33A123A}.AppStore|Any CPU.Build.0 = Release|Any CPU
		{9D26BA9C-E466-49F5-8CCB-1C8EB33A123A}.AppStore|Any CPU.Deploy.0 = Release|Any CPU
		{9D26BA9C-E466-49F5-8CCB-1C8EB33A123A}.AppStore|ARM.ActiveCfg = Release|Any CPU
		{9D26BA9C-E466-49F5-8CCB-1C8EB33A123A}.AppStore|ARM.Build.0 = Release|Any CPU
		{9D26BA9C-E466-49F5-8CCB-1C8EB33A123A}.AppStore|ARM.Deploy.0 = Release|Any CPU
		{9D26BA9C-E466-49F5-8CCB-1C8EB33A123A}.AppStore|iPhone.ActiveCfg = Release|Any CPU
		{9D26BA9C-E466-49F5-8CCB-1C8EB33A123A}.AppStore|iPhone.Build.0 = Release|Any CPU
		{9D26BA9C-E466-49F5-8CCB-1C8EB33A123A}.AppStore|iPhone.Deploy.0 = Release|Any CPU
		{9D26BA9C-E466-49F5-8CCB-1C8EB33A123A}.AppStore|iPhoneSimulator.ActiveCfg = Release|Any CPU
		{9D26BA9C-E466-49F5-8CCB-1C8EB33A123A}.AppStore|iPhoneSimulator.Build.0 = Release|Any CPU
		{9D26BA9C-E466-49F5-8CCB-1C8EB33A123A}.AppStore|iPhoneSimulator.Deploy.0 = Release|Any CPU
		{9D26BA9C-E466-49F5-8CCB-1C8EB33A123A}.AppStore|x64.ActiveCfg = Release|Any CPU
		{9D26BA9C-E466-49F5-8CCB-1C8EB33A123A}.AppStore|x64.Build.0 = Release|Any CPU
		{9D26BA9C-E466-49F5-8CCB-1C8EB33A123A}.AppStore|x64.Deploy.0 = Release|Any CPU
		{9D26BA9C-E466-49F5-8CCB-1C8EB33A123A}.AppStore|x86.ActiveCfg = Release|Any CPU
		{9D26BA9C-E466-49F5-8CCB-1C8EB33A123A}.AppStore|x86.Build.0 = Release|Any CPU
		{9D26BA9C-E466-49F5-8CCB-1C8EB33A123A}.AppStore|x86.Deploy.0 = Release|Any CPU
		{9D26BA9C-E466-49F5-8CCB-1C8EB33A123A}.Debug|Any CPU.ActiveCfg = Debug|Any CPU
		{9D26BA9C-E466-49F5-8CCB-1C8EB33A123A}.Debug|Any CPU.Build.0 = Debug|Any CPU
		{9D26BA9C-E466-49F5-8CCB-1C8EB33A123A}.Debug|Any CPU.Deploy.0 = Debug|Any CPU
		{9D26BA9C-E466-49F5-8CCB-1C8EB33A123A}.Debug|ARM.ActiveCfg = Debug|Any CPU
		{9D26BA9C-E466-49F5-8CCB-1C8EB33A123A}.Debug|ARM.Build.0 = Debug|Any CPU
		{9D26BA9C-E466-49F5-8CCB-1C8EB33A123A}.Debug|ARM.Deploy.0 = Debug|Any CPU
		{9D26BA9C-E466-49F5-8CCB-1C8EB33A123A}.Debug|iPhone.ActiveCfg = Debug|Any CPU
		{9D26BA9C-E466-49F5-8CCB-1C8EB33A123A}.Debug|iPhone.Build.0 = Debug|Any CPU
		{9D26BA9C-E466-49F5-8CCB-1C8EB33A123A}.Debug|iPhone.Deploy.0 = Debug|Any CPU
		{9D26BA9C-E466-49F5-8CCB-1C8EB33A123A}.Debug|iPhoneSimulator.ActiveCfg = Debug|Any CPU
		{9D26BA9C-E466-49F5-8CCB-1C8EB33A123A}.Debug|iPhoneSimulator.Build.0 = Debug|Any CPU
		{9D26BA9C-E466-49F5-8CCB-1C8EB33A123A}.Debug|iPhoneSimulator.Deploy.0 = Debug|Any CPU
		{9D26BA9C-E466-49F5-8CCB-1C8EB33A123A}.Debug|x64.ActiveCfg = Debug|Any CPU
		{9D26BA9C-E466-49F5-8CCB-1C8EB33A123A}.Debug|x64.Build.0 = Debug|Any CPU
		{9D26BA9C-E466-49F5-8CCB-1C8EB33A123A}.Debug|x64.Deploy.0 = Debug|Any CPU
		{9D26BA9C-E466-49F5-8CCB-1C8EB33A123A}.Debug|x86.ActiveCfg = Debug|Any CPU
		{9D26BA9C-E466-49F5-8CCB-1C8EB33A123A}.Debug|x86.Build.0 = Debug|Any CPU
		{9D26BA9C-E466-49F5-8CCB-1C8EB33A123A}.Debug|x86.Deploy.0 = Debug|Any CPU
		{9D26BA9C-E466-49F5-8CCB-1C8EB33A123A}.Release|Any CPU.ActiveCfg = Release|Any CPU
		{9D26BA9C-E466-49F5-8CCB-1C8EB33A123A}.Release|Any CPU.Build.0 = Release|Any CPU
		{9D26BA9C-E466-49F5-8CCB-1C8EB33A123A}.Release|Any CPU.Deploy.0 = Release|Any CPU
		{9D26BA9C-E466-49F5-8CCB-1C8EB33A123A}.Release|ARM.ActiveCfg = Release|Any CPU
		{9D26BA9C-E466-49F5-8CCB-1C8EB33A123A}.Release|ARM.Build.0 = Release|Any CPU
		{9D26BA9C-E466-49F5-8CCB-1C8EB33A123A}.Release|ARM.Deploy.0 = Release|Any CPU
		{9D26BA9C-E466-49F5-8CCB-1C8EB33A123A}.Release|iPhone.ActiveCfg = Release|Any CPU
		{9D26BA9C-E466-49F5-8CCB-1C8EB33A123A}.Release|iPhone.Build.0 = Release|Any CPU
		{9D26BA9C-E466-49F5-8CCB-1C8EB33A123A}.Release|iPhone.Deploy.0 = Release|Any CPU
		{9D26BA9C-E466-49F5-8CCB-1C8EB33A123A}.Release|iPhoneSimulator.ActiveCfg = Release|Any CPU
		{9D26BA9C-E466-49F5-8CCB-1C8EB33A123A}.Release|iPhoneSimulator.Build.0 = Release|Any CPU
		{9D26BA9C-E466-49F5-8CCB-1C8EB33A123A}.Release|iPhoneSimulator.Deploy.0 = Release|Any CPU
		{9D26BA9C-E466-49F5-8CCB-1C8EB33A123A}.Release|x64.ActiveCfg = Release|Any CPU
		{9D26BA9C-E466-49F5-8CCB-1C8EB33A123A}.Release|x64.Build.0 = Release|Any CPU
		{9D26BA9C-E466-49F5-8CCB-1C8EB33A123A}.Release|x64.Deploy.0 = Release|Any CPU
		{9D26BA9C-E466-49F5-8CCB-1C8EB33A123A}.Release|x86.ActiveCfg = Release|Any CPU
		{9D26BA9C-E466-49F5-8CCB-1C8EB33A123A}.Release|x86.Build.0 = Release|Any CPU
		{9D26BA9C-E466-49F5-8CCB-1C8EB33A123A}.Release|x86.Deploy.0 = Release|Any CPU
		{EBAA4EC7-ED40-46BB-9437-1AA90F9141C6}.Ad-Hoc|Any CPU.ActiveCfg = Ad-Hoc|iPhone
		{EBAA4EC7-ED40-46BB-9437-1AA90F9141C6}.Ad-Hoc|ARM.ActiveCfg = Ad-Hoc|iPhone
		{EBAA4EC7-ED40-46BB-9437-1AA90F9141C6}.Ad-Hoc|iPhone.ActiveCfg = Ad-Hoc|iPhone
		{EBAA4EC7-ED40-46BB-9437-1AA90F9141C6}.Ad-Hoc|iPhone.Build.0 = Ad-Hoc|iPhone
		{EBAA4EC7-ED40-46BB-9437-1AA90F9141C6}.Ad-Hoc|iPhoneSimulator.ActiveCfg = Ad-Hoc|iPhoneSimulator
		{EBAA4EC7-ED40-46BB-9437-1AA90F9141C6}.Ad-Hoc|iPhoneSimulator.Build.0 = Ad-Hoc|iPhoneSimulator
		{EBAA4EC7-ED40-46BB-9437-1AA90F9141C6}.Ad-Hoc|x64.ActiveCfg = Ad-Hoc|iPhone
		{EBAA4EC7-ED40-46BB-9437-1AA90F9141C6}.Ad-Hoc|x86.ActiveCfg = Ad-Hoc|iPhone
		{EBAA4EC7-ED40-46BB-9437-1AA90F9141C6}.AppStore|Any CPU.ActiveCfg = AppStore|iPhone
		{EBAA4EC7-ED40-46BB-9437-1AA90F9141C6}.AppStore|ARM.ActiveCfg = AppStore|iPhone
		{EBAA4EC7-ED40-46BB-9437-1AA90F9141C6}.AppStore|iPhone.ActiveCfg = AppStore|iPhone
		{EBAA4EC7-ED40-46BB-9437-1AA90F9141C6}.AppStore|iPhone.Build.0 = AppStore|iPhone
		{EBAA4EC7-ED40-46BB-9437-1AA90F9141C6}.AppStore|iPhoneSimulator.ActiveCfg = AppStore|iPhoneSimulator
		{EBAA4EC7-ED40-46BB-9437-1AA90F9141C6}.AppStore|iPhoneSimulator.Build.0 = AppStore|iPhoneSimulator
		{EBAA4EC7-ED40-46BB-9437-1AA90F9141C6}.AppStore|x64.ActiveCfg = AppStore|iPhone
		{EBAA4EC7-ED40-46BB-9437-1AA90F9141C6}.AppStore|x86.ActiveCfg = AppStore|iPhone
		{EBAA4EC7-ED40-46BB-9437-1AA90F9141C6}.Debug|Any CPU.ActiveCfg = Debug|iPhone
		{EBAA4EC7-ED40-46BB-9437-1AA90F9141C6}.Debug|ARM.ActiveCfg = Debug|iPhone
		{EBAA4EC7-ED40-46BB-9437-1AA90F9141C6}.Debug|iPhone.ActiveCfg = Debug|iPhone
		{EBAA4EC7-ED40-46BB-9437-1AA90F9141C6}.Debug|iPhone.Build.0 = Debug|iPhone
		{EBAA4EC7-ED40-46BB-9437-1AA90F9141C6}.Debug|iPhoneSimulator.ActiveCfg = Debug|iPhoneSimulator
		{EBAA4EC7-ED40-46BB-9437-1AA90F9141C6}.Debug|iPhoneSimulator.Build.0 = Debug|iPhoneSimulator
		{EBAA4EC7-ED40-46BB-9437-1AA90F9141C6}.Debug|x64.ActiveCfg = Debug|iPhone
		{EBAA4EC7-ED40-46BB-9437-1AA90F9141C6}.Debug|x86.ActiveCfg = Debug|iPhone
		{EBAA4EC7-ED40-46BB-9437-1AA90F9141C6}.Release|Any CPU.ActiveCfg = Release|iPhone
		{EBAA4EC7-ED40-46BB-9437-1AA90F9141C6}.Release|ARM.ActiveCfg = Release|iPhone
		{EBAA4EC7-ED40-46BB-9437-1AA90F9141C6}.Release|iPhone.ActiveCfg = Release|iPhone
		{EBAA4EC7-ED40-46BB-9437-1AA90F9141C6}.Release|iPhone.Build.0 = Release|iPhone
		{EBAA4EC7-ED40-46BB-9437-1AA90F9141C6}.Release|iPhoneSimulator.ActiveCfg = Release|iPhoneSimulator
		{EBAA4EC7-ED40-46BB-9437-1AA90F9141C6}.Release|iPhoneSimulator.Build.0 = Release|iPhoneSimulator
		{EBAA4EC7-ED40-46BB-9437-1AA90F9141C6}.Release|x64.ActiveCfg = Release|iPhone
		{EBAA4EC7-ED40-46BB-9437-1AA90F9141C6}.Release|x86.ActiveCfg = Release|iPhone
		{A37C46D7-3667-4DFD-9088-71A3BA28C992}.Ad-Hoc|Any CPU.ActiveCfg = Release|x86
		{A37C46D7-3667-4DFD-9088-71A3BA28C992}.Ad-Hoc|Any CPU.Build.0 = Release|x86
		{A37C46D7-3667-4DFD-9088-71A3BA28C992}.Ad-Hoc|Any CPU.Deploy.0 = Release|x86
		{A37C46D7-3667-4DFD-9088-71A3BA28C992}.Ad-Hoc|ARM.ActiveCfg = Release|ARM
		{A37C46D7-3667-4DFD-9088-71A3BA28C992}.Ad-Hoc|ARM.Build.0 = Release|ARM
		{A37C46D7-3667-4DFD-9088-71A3BA28C992}.Ad-Hoc|ARM.Deploy.0 = Release|ARM
		{A37C46D7-3667-4DFD-9088-71A3BA28C992}.Ad-Hoc|iPhone.ActiveCfg = Release|x86
		{A37C46D7-3667-4DFD-9088-71A3BA28C992}.Ad-Hoc|iPhone.Build.0 = Release|x86
		{A37C46D7-3667-4DFD-9088-71A3BA28C992}.Ad-Hoc|iPhone.Deploy.0 = Release|x86
		{A37C46D7-3667-4DFD-9088-71A3BA28C992}.Ad-Hoc|iPhoneSimulator.ActiveCfg = Release|x86
		{A37C46D7-3667-4DFD-9088-71A3BA28C992}.Ad-Hoc|iPhoneSimulator.Build.0 = Release|x86
		{A37C46D7-3667-4DFD-9088-71A3BA28C992}.Ad-Hoc|iPhoneSimulator.Deploy.0 = Release|x86
		{A37C46D7-3667-4DFD-9088-71A3BA28C992}.Ad-Hoc|x64.ActiveCfg = Release|x64
		{A37C46D7-3667-4DFD-9088-71A3BA28C992}.Ad-Hoc|x64.Build.0 = Release|x64
		{A37C46D7-3667-4DFD-9088-71A3BA28C992}.Ad-Hoc|x64.Deploy.0 = Release|x64
		{A37C46D7-3667-4DFD-9088-71A3BA28C992}.Ad-Hoc|x86.ActiveCfg = Release|x86
		{A37C46D7-3667-4DFD-9088-71A3BA28C992}.Ad-Hoc|x86.Build.0 = Release|x86
		{A37C46D7-3667-4DFD-9088-71A3BA28C992}.Ad-Hoc|x86.Deploy.0 = Release|x86
		{A37C46D7-3667-4DFD-9088-71A3BA28C992}.AppStore|Any CPU.ActiveCfg = Release|x86
		{A37C46D7-3667-4DFD-9088-71A3BA28C992}.AppStore|Any CPU.Build.0 = Release|x86
		{A37C46D7-3667-4DFD-9088-71A3BA28C992}.AppStore|Any CPU.Deploy.0 = Release|x86
		{A37C46D7-3667-4DFD-9088-71A3BA28C992}.AppStore|ARM.ActiveCfg = Release|ARM
		{A37C46D7-3667-4DFD-9088-71A3BA28C992}.AppStore|ARM.Build.0 = Release|ARM
		{A37C46D7-3667-4DFD-9088-71A3BA28C992}.AppStore|ARM.Deploy.0 = Release|ARM
		{A37C46D7-3667-4DFD-9088-71A3BA28C992}.AppStore|iPhone.ActiveCfg = Release|x86
		{A37C46D7-3667-4DFD-9088-71A3BA28C992}.AppStore|iPhone.Build.0 = Release|x86
		{A37C46D7-3667-4DFD-9088-71A3BA28C992}.AppStore|iPhone.Deploy.0 = Release|x86
		{A37C46D7-3667-4DFD-9088-71A3BA28C992}.AppStore|iPhoneSimulator.ActiveCfg = Release|x86
		{A37C46D7-3667-4DFD-9088-71A3BA28C992}.AppStore|iPhoneSimulator.Build.0 = Release|x86
		{A37C46D7-3667-4DFD-9088-71A3BA28C992}.AppStore|iPhoneSimulator.Deploy.0 = Release|x86
		{A37C46D7-3667-4DFD-9088-71A3BA28C992}.AppStore|x64.ActiveCfg = Release|x64
		{A37C46D7-3667-4DFD-9088-71A3BA28C992}.AppStore|x64.Build.0 = Release|x64
		{A37C46D7-3667-4DFD-9088-71A3BA28C992}.AppStore|x64.Deploy.0 = Release|x64
		{A37C46D7-3667-4DFD-9088-71A3BA28C992}.AppStore|x86.ActiveCfg = Release|x86
		{A37C46D7-3667-4DFD-9088-71A3BA28C992}.AppStore|x86.Build.0 = Release|x86
		{A37C46D7-3667-4DFD-9088-71A3BA28C992}.AppStore|x86.Deploy.0 = Release|x86
		{A37C46D7-3667-4DFD-9088-71A3BA28C992}.Debug|Any CPU.ActiveCfg = Debug|x86
		{A37C46D7-3667-4DFD-9088-71A3BA28C992}.Debug|ARM.ActiveCfg = Debug|ARM
		{A37C46D7-3667-4DFD-9088-71A3BA28C992}.Debug|ARM.Build.0 = Debug|ARM
		{A37C46D7-3667-4DFD-9088-71A3BA28C992}.Debug|ARM.Deploy.0 = Debug|ARM
		{A37C46D7-3667-4DFD-9088-71A3BA28C992}.Debug|iPhone.ActiveCfg = Debug|x86
		{A37C46D7-3667-4DFD-9088-71A3BA28C992}.Debug|iPhoneSimulator.ActiveCfg = Debug|x86
		{A37C46D7-3667-4DFD-9088-71A3BA28C992}.Debug|x64.ActiveCfg = Debug|x64
		{A37C46D7-3667-4DFD-9088-71A3BA28C992}.Debug|x64.Build.0 = Debug|x64
		{A37C46D7-3667-4DFD-9088-71A3BA28C992}.Debug|x64.Deploy.0 = Debug|x64
		{A37C46D7-3667-4DFD-9088-71A3BA28C992}.Debug|x86.ActiveCfg = Debug|x86
		{A37C46D7-3667-4DFD-9088-71A3BA28C992}.Debug|x86.Build.0 = Debug|x86
		{A37C46D7-3667-4DFD-9088-71A3BA28C992}.Debug|x86.Deploy.0 = Debug|x86
		{A37C46D7-3667-4DFD-9088-71A3BA28C992}.Release|Any CPU.ActiveCfg = Release|x86
		{A37C46D7-3667-4DFD-9088-71A3BA28C992}.Release|ARM.ActiveCfg = Release|ARM
		{A37C46D7-3667-4DFD-9088-71A3BA28C992}.Release|ARM.Build.0 = Release|ARM
		{A37C46D7-3667-4DFD-9088-71A3BA28C992}.Release|ARM.Deploy.0 = Release|ARM
		{A37C46D7-3667-4DFD-9088-71A3BA28C992}.Release|iPhone.ActiveCfg = Release|x86
		{A37C46D7-3667-4DFD-9088-71A3BA28C992}.Release|iPhoneSimulator.ActiveCfg = Release|x86
		{A37C46D7-3667-4DFD-9088-71A3BA28C992}.Release|x64.ActiveCfg = Release|x64
		{A37C46D7-3667-4DFD-9088-71A3BA28C992}.Release|x64.Build.0 = Release|x64
		{A37C46D7-3667-4DFD-9088-71A3BA28C992}.Release|x64.Deploy.0 = Release|x64
		{A37C46D7-3667-4DFD-9088-71A3BA28C992}.Release|x86.ActiveCfg = Release|x86
		{A37C46D7-3667-4DFD-9088-71A3BA28C992}.Release|x86.Build.0 = Release|x86
		{A37C46D7-3667-4DFD-9088-71A3BA28C992}.Release|x86.Deploy.0 = Release|x86
		{95639BF4-4235-45A5-8A5E-0D79B7152C14}.Ad-Hoc|Any CPU.ActiveCfg = Debug|Any CPU
		{95639BF4-4235-45A5-8A5E-0D79B7152C14}.Ad-Hoc|Any CPU.Build.0 = Debug|Any CPU
		{95639BF4-4235-45A5-8A5E-0D79B7152C14}.Ad-Hoc|ARM.ActiveCfg = Debug|Any CPU
		{95639BF4-4235-45A5-8A5E-0D79B7152C14}.Ad-Hoc|ARM.Build.0 = Debug|Any CPU
		{95639BF4-4235-45A5-8A5E-0D79B7152C14}.Ad-Hoc|iPhone.ActiveCfg = Debug|Any CPU
		{95639BF4-4235-45A5-8A5E-0D79B7152C14}.Ad-Hoc|iPhone.Build.0 = Debug|Any CPU
		{95639BF4-4235-45A5-8A5E-0D79B7152C14}.Ad-Hoc|iPhoneSimulator.ActiveCfg = Debug|Any CPU
		{95639BF4-4235-45A5-8A5E-0D79B7152C14}.Ad-Hoc|iPhoneSimulator.Build.0 = Debug|Any CPU
		{95639BF4-4235-45A5-8A5E-0D79B7152C14}.Ad-Hoc|x64.ActiveCfg = Debug|Any CPU
		{95639BF4-4235-45A5-8A5E-0D79B7152C14}.Ad-Hoc|x64.Build.0 = Debug|Any CPU
		{95639BF4-4235-45A5-8A5E-0D79B7152C14}.Ad-Hoc|x86.ActiveCfg = Debug|Any CPU
		{95639BF4-4235-45A5-8A5E-0D79B7152C14}.Ad-Hoc|x86.Build.0 = Debug|Any CPU
		{95639BF4-4235-45A5-8A5E-0D79B7152C14}.AppStore|Any CPU.ActiveCfg = Debug|Any CPU
		{95639BF4-4235-45A5-8A5E-0D79B7152C14}.AppStore|Any CPU.Build.0 = Debug|Any CPU
		{95639BF4-4235-45A5-8A5E-0D79B7152C14}.AppStore|ARM.ActiveCfg = Debug|Any CPU
		{95639BF4-4235-45A5-8A5E-0D79B7152C14}.AppStore|ARM.Build.0 = Debug|Any CPU
		{95639BF4-4235-45A5-8A5E-0D79B7152C14}.AppStore|iPhone.ActiveCfg = Debug|Any CPU
		{95639BF4-4235-45A5-8A5E-0D79B7152C14}.AppStore|iPhone.Build.0 = Debug|Any CPU
		{95639BF4-4235-45A5-8A5E-0D79B7152C14}.AppStore|iPhoneSimulator.ActiveCfg = Debug|Any CPU
		{95639BF4-4235-45A5-8A5E-0D79B7152C14}.AppStore|iPhoneSimulator.Build.0 = Debug|Any CPU
		{95639BF4-4235-45A5-8A5E-0D79B7152C14}.AppStore|x64.ActiveCfg = Debug|Any CPU
		{95639BF4-4235-45A5-8A5E-0D79B7152C14}.AppStore|x64.Build.0 = Debug|Any CPU
		{95639BF4-4235-45A5-8A5E-0D79B7152C14}.AppStore|x86.ActiveCfg = Debug|Any CPU
		{95639BF4-4235-45A5-8A5E-0D79B7152C14}.AppStore|x86.Build.0 = Debug|Any CPU
		{95639BF4-4235-45A5-8A5E-0D79B7152C14}.Debug|Any CPU.ActiveCfg = Debug|Any CPU
		{95639BF4-4235-45A5-8A5E-0D79B7152C14}.Debug|Any CPU.Build.0 = Debug|Any CPU
		{95639BF4-4235-45A5-8A5E-0D79B7152C14}.Debug|ARM.ActiveCfg = Debug|Any CPU
		{95639BF4-4235-45A5-8A5E-0D79B7152C14}.Debug|ARM.Build.0 = Debug|Any CPU
		{95639BF4-4235-45A5-8A5E-0D79B7152C14}.Debug|iPhone.ActiveCfg = Debug|Any CPU
		{95639BF4-4235-45A5-8A5E-0D79B7152C14}.Debug|iPhone.Build.0 = Debug|Any CPU
		{95639BF4-4235-45A5-8A5E-0D79B7152C14}.Debug|iPhoneSimulator.ActiveCfg = Debug|Any CPU
		{95639BF4-4235-45A5-8A5E-0D79B7152C14}.Debug|iPhoneSimulator.Build.0 = Debug|Any CPU
		{95639BF4-4235-45A5-8A5E-0D79B7152C14}.Debug|x64.ActiveCfg = Debug|Any CPU
		{95639BF4-4235-45A5-8A5E-0D79B7152C14}.Debug|x64.Build.0 = Debug|Any CPU
		{95639BF4-4235-45A5-8A5E-0D79B7152C14}.Debug|x86.ActiveCfg = Debug|Any CPU
		{95639BF4-4235-45A5-8A5E-0D79B7152C14}.Debug|x86.Build.0 = Debug|Any CPU
		{95639BF4-4235-45A5-8A5E-0D79B7152C14}.Release|Any CPU.ActiveCfg = Release|Any CPU
		{95639BF4-4235-45A5-8A5E-0D79B7152C14}.Release|Any CPU.Build.0 = Release|Any CPU
		{95639BF4-4235-45A5-8A5E-0D79B7152C14}.Release|ARM.ActiveCfg = Release|Any CPU
		{95639BF4-4235-45A5-8A5E-0D79B7152C14}.Release|ARM.Build.0 = Release|Any CPU
		{95639BF4-4235-45A5-8A5E-0D79B7152C14}.Release|iPhone.ActiveCfg = Release|Any CPU
		{95639BF4-4235-45A5-8A5E-0D79B7152C14}.Release|iPhone.Build.0 = Release|Any CPU
		{95639BF4-4235-45A5-8A5E-0D79B7152C14}.Release|iPhoneSimulator.ActiveCfg = Release|Any CPU
		{95639BF4-4235-45A5-8A5E-0D79B7152C14}.Release|iPhoneSimulator.Build.0 = Release|Any CPU
		{95639BF4-4235-45A5-8A5E-0D79B7152C14}.Release|x64.ActiveCfg = Release|Any CPU
		{95639BF4-4235-45A5-8A5E-0D79B7152C14}.Release|x64.Build.0 = Release|Any CPU
		{95639BF4-4235-45A5-8A5E-0D79B7152C14}.Release|x86.ActiveCfg = Release|Any CPU
		{95639BF4-4235-45A5-8A5E-0D79B7152C14}.Release|x86.Build.0 = Release|Any CPU
	EndGlobalSection
	GlobalSection(SolutionProperties) = preSolution
		HideSolutionNode = FALSE
	EndGlobalSection
	GlobalSection(ExtensibilityGlobals) = postSolution
		SolutionGuid = {70A054DF-11CA-4C60-9C09-1820E88DCE7D}
	EndGlobalSection
EndGlobal
